// !$*UTF8*$!
{
	archiveVersion = 1;
	classes = {
	};
	objectVersion = 46;
	objects = {

/* Begin PBXBuildFile section */
		3ABBACF01F73155A0080C72C /* MetalKit.framework in Frameworks */ = {isa = PBXBuildFile; fileRef = 3ABBACED1F73154F0080C72C /* MetalKit.framework */; };
		8A4080B62150435C00ADBE69 /* LaunchScreen.storyboard in Resources */ = {isa = PBXBuildFile; fileRef = 8A4080B42150435C00ADBE69 /* LaunchScreen.storyboard */; };
		8A4080B72150435C00ADBE69 /* Main.storyboard in Resources */ = {isa = PBXBuildFile; fileRef = 8A4080B52150435C00ADBE69 /* Main.storyboard */; };
		8A4080BA2150437A00ADBE69 /* Main.storyboard in Resources */ = {isa = PBXBuildFile; fileRef = 8A4080B92150437A00ADBE69 /* Main.storyboard */; };
		8A4080C12150439B00ADBE69 /* AppDelegate.mm in Sources */ = {isa = PBXBuildFile; fileRef = 8A4080BB2150439B00ADBE69 /* AppDelegate.mm */; };
		8A4080C22150439B00ADBE69 /* RootViewController.mm in Sources */ = {isa = PBXBuildFile; fileRef = 8A4080BD2150439B00ADBE69 /* RootViewController.mm */; };
		8A4080C32150439B00ADBE69 /* RootViewController.mm in Sources */ = {isa = PBXBuildFile; fileRef = 8A4080BD2150439B00ADBE69 /* RootViewController.mm */; };
		8A4080C42150439B00ADBE69 /* main.m in Sources */ = {isa = PBXBuildFile; fileRef = 8A4080BE2150439B00ADBE69 /* main.m */; };
		8A4080C52150439B00ADBE69 /* main.m in Sources */ = {isa = PBXBuildFile; fileRef = 8A4080BE2150439B00ADBE69 /* main.m */; };
		8A4080C8215045D800ADBE69 /* Renderer.mm in Sources */ = {isa = PBXBuildFile; fileRef = 8A4080C7215045D800ADBE69 /* Renderer.mm */; };
		8A4080C9215045D800ADBE69 /* Renderer.mm in Sources */ = {isa = PBXBuildFile; fileRef = 8A4080C7215045D800ADBE69 /* Renderer.mm */; };
		8A69726621542F5E00F95620 /* Boid.cpp in Sources */ = {isa = PBXBuildFile; fileRef = 8A69726421542F5E00F95620 /* Boid.cpp */; };
		8A69726721542F5E00F95620 /* Boid.cpp in Sources */ = {isa = PBXBuildFile; fileRef = 8A69726421542F5E00F95620 /* Boid.cpp */; };
		8A69726B2154319200F95620 /* Swarm.cpp in Sources */ = {isa = PBXBuildFile; fileRef = 8A69726A2154319200F95620 /* Swarm.cpp */; };
		8A69726C2154319200F95620 /* Swarm.cpp in Sources */ = {isa = PBXBuildFile; fileRef = 8A69726A2154319200F95620 /* Swarm.cpp */; };
		8A8F08442152DF3E0069CC8B /* imgui_demo.cpp in Sources */ = {isa = PBXBuildFile; fileRef = 8A8F08372152DF3E0069CC8B /* imgui_demo.cpp */; };
		8A8F08452152DF3E0069CC8B /* imgui_demo.cpp in Sources */ = {isa = PBXBuildFile; fileRef = 8A8F08372152DF3E0069CC8B /* imgui_demo.cpp */; };
		8A8F08462152DF3E0069CC8B /* imgui_impl_osx.mm in Sources */ = {isa = PBXBuildFile; fileRef = 8A8F08382152DF3E0069CC8B /* imgui_impl_osx.mm */; };
		8A8F08472152DF3E0069CC8B /* imgui_impl_osx.mm in Sources */ = {isa = PBXBuildFile; fileRef = 8A8F08382152DF3E0069CC8B /* imgui_impl_osx.mm */; };
		8A8F08482152DF3E0069CC8B /* imgui.cpp in Sources */ = {isa = PBXBuildFile; fileRef = 8A8F08392152DF3E0069CC8B /* imgui.cpp */; };
		8A8F08492152DF3E0069CC8B /* imgui.cpp in Sources */ = {isa = PBXBuildFile; fileRef = 8A8F08392152DF3E0069CC8B /* imgui.cpp */; };
		8A8F084A2152DF3E0069CC8B /* imgui_draw.cpp in Sources */ = {isa = PBXBuildFile; fileRef = 8A8F083B2152DF3E0069CC8B /* imgui_draw.cpp */; };
		8A8F084B2152DF3E0069CC8B /* imgui_draw.cpp in Sources */ = {isa = PBXBuildFile; fileRef = 8A8F083B2152DF3E0069CC8B /* imgui_draw.cpp */; };
		8A8F084C2152DF3E0069CC8B /* imgui_widgets.cpp in Sources */ = {isa = PBXBuildFile; fileRef = 8A8F083E2152DF3E0069CC8B /* imgui_widgets.cpp */; };
		8A8F084D2152DF3E0069CC8B /* imgui_widgets.cpp in Sources */ = {isa = PBXBuildFile; fileRef = 8A8F083E2152DF3E0069CC8B /* imgui_widgets.cpp */; };
		8A8F084E2152DF3E0069CC8B /* imgui_impl_metal.mm in Sources */ = {isa = PBXBuildFile; fileRef = 8A8F08422152DF3E0069CC8B /* imgui_impl_metal.mm */; };
		8A8F084F2152DF3E0069CC8B /* imgui_impl_metal.mm in Sources */ = {isa = PBXBuildFile; fileRef = 8A8F08422152DF3E0069CC8B /* imgui_impl_metal.mm */; };
		8A98AF992151ADAF0018E86A /* AppDelegate.mm in Sources */ = {isa = PBXBuildFile; fileRef = 8A4080BB2150439B00ADBE69 /* AppDelegate.mm */; };
		8AAEFB6321519ABF00B63CA8 /* Sprite.mm in Sources */ = {isa = PBXBuildFile; fileRef = 8AAEFB6221519ABF00B63CA8 /* Sprite.mm */; };
		8AAEFB6421519ABF00B63CA8 /* Sprite.mm in Sources */ = {isa = PBXBuildFile; fileRef = 8AAEFB6221519ABF00B63CA8 /* Sprite.mm */; };
		8AAEFB6721519F8400B63CA8 /* Shaders.metal in Sources */ = {isa = PBXBuildFile; fileRef = 8AAEFB6621519F8400B63CA8 /* Shaders.metal */; };
		8AAEFB6821519F8400B63CA8 /* Shaders.metal in Sources */ = {isa = PBXBuildFile; fileRef = 8AAEFB6621519F8400B63CA8 /* Shaders.metal */; };
/* End PBXBuildFile section */

/* Begin PBXFileReference section */
		3A7072DB1EBD4A67001F05E4 /* metal-synchro.app */ = {isa = PBXFileReference; explicitFileType = wrapper.application; includeInIndex = 0; path = "metal-synchro.app"; sourceTree = BUILT_PRODUCTS_DIR; };
		3A70730B1EBD4A67001F05E4 /* metal-synchro.app */ = {isa = PBXFileReference; explicitFileType = wrapper.application; includeInIndex = 0; path = "metal-synchro.app"; sourceTree = BUILT_PRODUCTS_DIR; };
		3ABBACED1F73154F0080C72C /* MetalKit.framework */ = {isa = PBXFileReference; lastKnownFileType = wrapper.framework; name = MetalKit.framework; path = System/Library/Frameworks/MetalKit.framework; sourceTree = SDKROOT; };
		8A4080B22150432600ADBE69 /* Info.plist */ = {isa = PBXFileReference; fileEncoding = 4; lastKnownFileType = text.plist.xml; name = Info.plist; path = iOS/Info.plist; sourceTree = "<group>"; };
		8A4080B42150435C00ADBE69 /* LaunchScreen.storyboard */ = {isa = PBXFileReference; fileEncoding = 4; lastKnownFileType = file.storyboard; name = LaunchScreen.storyboard; path = iOS/LaunchScreen.storyboard; sourceTree = "<group>"; };
		8A4080B52150435C00ADBE69 /* Main.storyboard */ = {isa = PBXFileReference; fileEncoding = 4; lastKnownFileType = file.storyboard; name = Main.storyboard; path = iOS/Main.storyboard; sourceTree = "<group>"; };
		8A4080B82150437300ADBE69 /* Info.plist */ = {isa = PBXFileReference; lastKnownFileType = text.plist.xml; name = Info.plist; path = macOS/Info.plist; sourceTree = "<group>"; };
		8A4080B92150437A00ADBE69 /* Main.storyboard */ = {isa = PBXFileReference; fileEncoding = 4; lastKnownFileType = file.storyboard; name = Main.storyboard; path = macOS/Main.storyboard; sourceTree = "<group>"; };
		8A4080BB2150439B00ADBE69 /* AppDelegate.mm */ = {isa = PBXFileReference; fileEncoding = 4; lastKnownFileType = sourcecode.cpp.objcpp; name = AppDelegate.mm; path = ../sources/AppDelegate.mm; sourceTree = "<group>"; };
		8A4080BC2150439B00ADBE69 /* RootViewController.h */ = {isa = PBXFileReference; fileEncoding = 4; lastKnownFileType = sourcecode.c.h; name = RootViewController.h; path = ../sources/RootViewController.h; sourceTree = "<group>"; };
		8A4080BD2150439B00ADBE69 /* RootViewController.mm */ = {isa = PBXFileReference; fileEncoding = 4; lastKnownFileType = sourcecode.cpp.objcpp; name = RootViewController.mm; path = ../sources/RootViewController.mm; sourceTree = "<group>"; };
		8A4080BE2150439B00ADBE69 /* main.m */ = {isa = PBXFileReference; fileEncoding = 4; lastKnownFileType = sourcecode.c.objc; name = main.m; path = ../sources/main.m; sourceTree = "<group>"; };
		8A4080BF2150439B00ADBE69 /* AppDelegate.h */ = {isa = PBXFileReference; fileEncoding = 4; lastKnownFileType = sourcecode.c.h; name = AppDelegate.h; path = ../sources/AppDelegate.h; sourceTree = "<group>"; };
		8A4080C6215045D800ADBE69 /* Renderer.h */ = {isa = PBXFileReference; fileEncoding = 4; lastKnownFileType = sourcecode.c.h; name = Renderer.h; path = ../sources/Renderer.h; sourceTree = "<group>"; };
		8A4080C7215045D800ADBE69 /* Renderer.mm */ = {isa = PBXFileReference; fileEncoding = 4; lastKnownFileType = sourcecode.cpp.objcpp; name = Renderer.mm; path = ../sources/Renderer.mm; sourceTree = "<group>"; };
		8A69726421542F5E00F95620 /* Boid.cpp */ = {isa = PBXFileReference; fileEncoding = 4; lastKnownFileType = sourcecode.cpp.cpp; name = Boid.cpp; path = ../sources/Boid.cpp; sourceTree = "<group>"; };
		8A69726521542F5E00F95620 /* Boid.h */ = {isa = PBXFileReference; fileEncoding = 4; lastKnownFileType = sourcecode.c.h; name = Boid.h; path = ../sources/Boid.h; sourceTree = "<group>"; };
		8A6972682154303000F95620 /* vec3.h */ = {isa = PBXFileReference; fileEncoding = 4; lastKnownFileType = sourcecode.c.h; name = vec3.h; path = ../sources/vec3.h; sourceTree = "<group>"; };
		8A6972692154319200F95620 /* Swarm.h */ = {isa = PBXFileReference; fileEncoding = 4; lastKnownFileType = sourcecode.c.h; name = Swarm.h; path = ../sources/Swarm.h; sourceTree = "<group>"; };
		8A69726A2154319200F95620 /* Swarm.cpp */ = {isa = PBXFileReference; fileEncoding = 4; lastKnownFileType = sourcecode.cpp.cpp; name = Swarm.cpp; path = ../sources/Swarm.cpp; sourceTree = "<group>"; };
		8A69726D21543DB300F95620 /* rand.h */ = {isa = PBXFileReference; fileEncoding = 4; lastKnownFileType = sourcecode.c.h; name = rand.h; path = ../sources/rand.h; sourceTree = "<group>"; };
		8A8F08362152DF3E0069CC8B /* imstb_rectpack.h */ = {isa = PBXFileReference; fileEncoding = 4; lastKnownFileType = sourcecode.c.h; name = imstb_rectpack.h; path = ../lib/imgui/imstb_rectpack.h; sourceTree = "<group>"; };
		8A8F08372152DF3E0069CC8B /* imgui_demo.cpp */ = {isa = PBXFileReference; fileEncoding = 4; lastKnownFileType = sourcecode.cpp.cpp; name = imgui_demo.cpp; path = ../lib/imgui/imgui_demo.cpp; sourceTree = "<group>"; };
		8A8F08382152DF3E0069CC8B /* imgui_impl_osx.mm */ = {isa = PBXFileReference; fileEncoding = 4; lastKnownFileType = sourcecode.cpp.objcpp; name = imgui_impl_osx.mm; path = ../lib/imgui/imgui_impl_osx.mm; sourceTree = "<group>"; };
		8A8F08392152DF3E0069CC8B /* imgui.cpp */ = {isa = PBXFileReference; fileEncoding = 4; lastKnownFileType = sourcecode.cpp.cpp; name = imgui.cpp; path = ../lib/imgui/imgui.cpp; sourceTree = "<group>"; };
		8A8F083A2152DF3E0069CC8B /* imgui_impl_metal.h */ = {isa = PBXFileReference; fileEncoding = 4; lastKnownFileType = sourcecode.c.h; name = imgui_impl_metal.h; path = ../lib/imgui/imgui_impl_metal.h; sourceTree = "<group>"; };
		8A8F083B2152DF3E0069CC8B /* imgui_draw.cpp */ = {isa = PBXFileReference; fileEncoding = 4; lastKnownFileType = sourcecode.cpp.cpp; name = imgui_draw.cpp; path = ../lib/imgui/imgui_draw.cpp; sourceTree = "<group>"; };
		8A8F083C2152DF3E0069CC8B /* imgui_impl_osx.h */ = {isa = PBXFileReference; fileEncoding = 4; lastKnownFileType = sourcecode.c.h; name = imgui_impl_osx.h; path = ../lib/imgui/imgui_impl_osx.h; sourceTree = "<group>"; };
		8A8F083D2152DF3E0069CC8B /* imgui.h */ = {isa = PBXFileReference; fileEncoding = 4; lastKnownFileType = sourcecode.c.h; name = imgui.h; path = ../lib/imgui/imgui.h; sourceTree = "<group>"; };
		8A8F083E2152DF3E0069CC8B /* imgui_widgets.cpp */ = {isa = PBXFileReference; fileEncoding = 4; lastKnownFileType = sourcecode.cpp.cpp; name = imgui_widgets.cpp; path = ../lib/imgui/imgui_widgets.cpp; sourceTree = "<group>"; };
		8A8F083F2152DF3E0069CC8B /* imgui_internal.h */ = {isa = PBXFileReference; fileEncoding = 4; lastKnownFileType = sourcecode.c.h; name = imgui_internal.h; path = ../lib/imgui/imgui_internal.h; sourceTree = "<group>"; };
		8A8F08402152DF3E0069CC8B /* imstb_textedit.h */ = {isa = PBXFileReference; fileEncoding = 4; lastKnownFileType = sourcecode.c.h; name = imstb_textedit.h; path = ../lib/imgui/imstb_textedit.h; sourceTree = "<group>"; };
		8A8F08412152DF3E0069CC8B /* imconfig.h */ = {isa = PBXFileReference; fileEncoding = 4; lastKnownFileType = sourcecode.c.h; name = imconfig.h; path = ../lib/imgui/imconfig.h; sourceTree = "<group>"; };
		8A8F08422152DF3E0069CC8B /* imgui_impl_metal.mm */ = {isa = PBXFileReference; fileEncoding = 4; lastKnownFileType = sourcecode.cpp.objcpp; name = imgui_impl_metal.mm; path = ../lib/imgui/imgui_impl_metal.mm; sourceTree = "<group>"; };
		8A8F08432152DF3E0069CC8B /* imstb_truetype.h */ = {isa = PBXFileReference; fileEncoding = 4; lastKnownFileType = sourcecode.c.h; name = imstb_truetype.h; path = ../lib/imgui/imstb_truetype.h; sourceTree = "<group>"; };
		8AAEFB6121519ABF00B63CA8 /* Sprite.h */ = {isa = PBXFileReference; fileEncoding = 4; lastKnownFileType = sourcecode.c.h; name = Sprite.h; path = ../sources/Sprite.h; sourceTree = "<group>"; };
		8AAEFB6221519ABF00B63CA8 /* Sprite.mm */ = {isa = PBXFileReference; fileEncoding = 4; lastKnownFileType = sourcecode.cpp.objcpp; name = Sprite.mm; path = ../sources/Sprite.mm; sourceTree = "<group>"; };
		8AAEFB6521519D0400B63CA8 /* ShaderTypes.h */ = {isa = PBXFileReference; lastKnownFileType = sourcecode.c.h; name = ShaderTypes.h; path = ../sources/ShaderTypes.h; sourceTree = "<group>"; };
		8AAEFB6621519F8400B63CA8 /* Shaders.metal */ = {isa = PBXFileReference; fileEncoding = 4; lastKnownFileType = sourcecode.metal; name = Shaders.metal; path = ../sources/Shaders.metal; sourceTree = "<group>"; };
/* End PBXFileReference section */

/* Begin PBXFrameworksBuildPhase section */
		3A7072D81EBD4A67001F05E4 /* Frameworks */ = {
			isa = PBXFrameworksBuildPhase;
			buildActionMask = 2147483647;
			files = (
			);
			runOnlyForDeploymentPostprocessing = 0;
		};
		3A7073081EBD4A67001F05E4 /* Frameworks */ = {
			isa = PBXFrameworksBuildPhase;
			buildActionMask = 2147483647;
			files = (
				3ABBACF01F73155A0080C72C /* MetalKit.framework in Frameworks */,
			);
			runOnlyForDeploymentPostprocessing = 0;
		};
/* End PBXFrameworksBuildPhase section */

/* Begin PBXGroup section */
		3A7072CA1EBD4A66001F05E4 = {
			isa = PBXGroup;
			children = (
				8A4080AE215042FC00ADBE69 /* Application */,
				3ABBACE61F7314E80080C72C /* Frameworks */,
				3A7072DC1EBD4A67001F05E4 /* Products */,
			);
			sourceTree = "<group>";
		};
		3A7072DC1EBD4A67001F05E4 /* Products */ = {
			isa = PBXGroup;
			children = (
				3A7072DB1EBD4A67001F05E4 /* metal-synchro.app */,
				3A70730B1EBD4A67001F05E4 /* metal-synchro.app */,
			);
			name = Products;
			sourceTree = "<group>";
		};
		3ABBACE61F7314E80080C72C /* Frameworks */ = {
			isa = PBXGroup;
			children = (
				3ABBACED1F73154F0080C72C /* MetalKit.framework */,
			);
			name = Frameworks;
			sourceTree = "<group>";
		};
		8A4080AE215042FC00ADBE69 /* Application */ = {
			isa = PBXGroup;
			children = (
				8A69726D21543DB300F95620 /* rand.h */,
				8A6972682154303000F95620 /* vec3.h */,
				8A69726521542F5E00F95620 /* Boid.h */,
				8A69726421542F5E00F95620 /* Boid.cpp */,
				8A6972692154319200F95620 /* Swarm.h */,
				8A69726A2154319200F95620 /* Swarm.cpp */,
				8AAEFB692151AA1900B63CA8 /* imgui */,
				8AAEFB6621519F8400B63CA8 /* Shaders.metal */,
				8AAEFB6521519D0400B63CA8 /* ShaderTypes.h */,
				8AAEFB6121519ABF00B63CA8 /* Sprite.h */,
				8AAEFB6221519ABF00B63CA8 /* Sprite.mm */,
				8A4080C6215045D800ADBE69 /* Renderer.h */,
				8A4080C7215045D800ADBE69 /* Renderer.mm */,
				8A4080BF2150439B00ADBE69 /* AppDelegate.h */,
				8A4080BB2150439B00ADBE69 /* AppDelegate.mm */,
				8A4080BC2150439B00ADBE69 /* RootViewController.h */,
				8A4080BD2150439B00ADBE69 /* RootViewController.mm */,
				8A4080BE2150439B00ADBE69 /* main.m */,
				8A4080B12150430F00ADBE69 /* macOS */,
				8A4080B02150430B00ADBE69 /* iOS */,
			);
			name = Application;
			sourceTree = "<group>";
		};
		8A4080B02150430B00ADBE69 /* iOS */ = {
			isa = PBXGroup;
			children = (
				8A4080B42150435C00ADBE69 /* LaunchScreen.storyboard */,
				8A4080B52150435C00ADBE69 /* Main.storyboard */,
				8A4080B22150432600ADBE69 /* Info.plist */,
			);
			name = iOS;
			sourceTree = "<group>";
		};
		8A4080B12150430F00ADBE69 /* macOS */ = {
			isa = PBXGroup;
			children = (
				8A4080B92150437A00ADBE69 /* Main.storyboard */,
				8A4080B82150437300ADBE69 /* Info.plist */,
			);
			name = macOS;
			sourceTree = "<group>";
		};
		8AAEFB692151AA1900B63CA8 /* imgui */ = {
			isa = PBXGroup;
			children = (
				8A8F08412152DF3E0069CC8B /* imconfig.h */,
				8A8F08372152DF3E0069CC8B /* imgui_demo.cpp */,
				8A8F083B2152DF3E0069CC8B /* imgui_draw.cpp */,
				8A8F083A2152DF3E0069CC8B /* imgui_impl_metal.h */,
				8A8F08422152DF3E0069CC8B /* imgui_impl_metal.mm */,
				8A8F083C2152DF3E0069CC8B /* imgui_impl_osx.h */,
				8A8F08382152DF3E0069CC8B /* imgui_impl_osx.mm */,
				8A8F083F2152DF3E0069CC8B /* imgui_internal.h */,
				8A8F083E2152DF3E0069CC8B /* imgui_widgets.cpp */,
				8A8F08392152DF3E0069CC8B /* imgui.cpp */,
				8A8F083D2152DF3E0069CC8B /* imgui.h */,
				8A8F08362152DF3E0069CC8B /* imstb_rectpack.h */,
				8A8F08402152DF3E0069CC8B /* imstb_textedit.h */,
				8A8F08432152DF3E0069CC8B /* imstb_truetype.h */,
			);
			name = imgui;
			sourceTree = "<group>";
		};
/* End PBXGroup section */

/* Begin PBXNativeTarget section */
		3A7072DA1EBD4A67001F05E4 /* metal-synchro-iOS */ = {
			isa = PBXNativeTarget;
			buildConfigurationList = 3A70732E1EBD4A67001F05E4 /* Build configuration list for PBXNativeTarget "metal-synchro-iOS" */;
			buildPhases = (
				3A7072D71EBD4A67001F05E4 /* Sources */,
				3A7072D81EBD4A67001F05E4 /* Frameworks */,
				3A7072D91EBD4A67001F05E4 /* Resources */,
			);
			buildRules = (
			);
			dependencies = (
			);
			name = "metal-synchro-iOS";
			productName = iOS;
			productReference = 3A7072DB1EBD4A67001F05E4 /* metal-synchro.app */;
			productType = "com.apple.product-type.application";
		};
		3A70730A1EBD4A67001F05E4 /* metal-synchro-macOS */ = {
			isa = PBXNativeTarget;
			buildConfigurationList = 3A7073341EBD4A67001F05E4 /* Build configuration list for PBXNativeTarget "metal-synchro-macOS" */;
			buildPhases = (
				3A7073071EBD4A67001F05E4 /* Sources */,
				3A7073081EBD4A67001F05E4 /* Frameworks */,
				3A7073091EBD4A67001F05E4 /* Resources */,
			);
			buildRules = (
			);
			dependencies = (
			);
			name = "metal-synchro-macOS";
			productName = macOS;
			productReference = 3A70730B1EBD4A67001F05E4 /* metal-synchro.app */;
			productType = "com.apple.product-type.application";
		};
/* End PBXNativeTarget section */

/* Begin PBXProject section */
		3A7072CB1EBD4A66001F05E4 /* Project object */ = {
			isa = PBXProject;
			attributes = {
				LastUpgradeCheck = 1000;
				ORGANIZATIONNAME = Apple;
				TargetAttributes = {
					3A7072DA1EBD4A67001F05E4 = {
						CreatedOnToolsVersion = 8.3.2;
						DevelopmentTeam = 678TP86R4P;
						ProvisioningStyle = Automatic;
					};
					3A70730A1EBD4A67001F05E4 = {
						CreatedOnToolsVersion = 8.3.2;
						DevelopmentTeam = 678TP86R4P;
						ProvisioningStyle = Automatic;
					};
				};
			};
			buildConfigurationList = 3A7072CE1EBD4A66001F05E4 /* Build configuration list for PBXProject "metal-synchro" */;
			compatibilityVersion = "Xcode 3.2";
			developmentRegion = English;
			hasScannedForEncodings = 0;
			knownRegions = (
				en,
				Base,
			);
			mainGroup = 3A7072CA1EBD4A66001F05E4;
			productRefGroup = 3A7072DC1EBD4A67001F05E4 /* Products */;
			projectDirPath = "";
			projectRoot = "";
			targets = (
				3A70730A1EBD4A67001F05E4 /* metal-synchro-macOS */,
				3A7072DA1EBD4A67001F05E4 /* metal-synchro-iOS */,
			);
		};
/* End PBXProject section */

/* Begin PBXResourcesBuildPhase section */
		3A7072D91EBD4A67001F05E4 /* Resources */ = {
			isa = PBXResourcesBuildPhase;
			buildActionMask = 2147483647;
			files = (
				8A4080B62150435C00ADBE69 /* LaunchScreen.storyboard in Resources */,
				8A4080B72150435C00ADBE69 /* Main.storyboard in Resources */,
			);
			runOnlyForDeploymentPostprocessing = 0;
		};
		3A7073091EBD4A67001F05E4 /* Resources */ = {
			isa = PBXResourcesBuildPhase;
			buildActionMask = 2147483647;
			files = (
				8A4080BA2150437A00ADBE69 /* Main.storyboard in Resources */,
			);
			runOnlyForDeploymentPostprocessing = 0;
		};
/* End PBXResourcesBuildPhase section */

/* Begin PBXSourcesBuildPhase section */
		3A7072D71EBD4A67001F05E4 /* Sources */ = {
			isa = PBXSourcesBuildPhase;
			buildActionMask = 2147483647;
			files = (
				8A69726721542F5E00F95620 /* Boid.cpp in Sources */,
				8A8F084D2152DF3E0069CC8B /* imgui_widgets.cpp in Sources */,
				8A8F084F2152DF3E0069CC8B /* imgui_impl_metal.mm in Sources */,
				8AAEFB6821519F8400B63CA8 /* Shaders.metal in Sources */,
				8A69726C2154319200F95620 /* Swarm.cpp in Sources */,
				8AAEFB6421519ABF00B63CA8 /* Sprite.mm in Sources */,
				8A4080C32150439B00ADBE69 /* RootViewController.mm in Sources */,
				8A8F084B2152DF3E0069CC8B /* imgui_draw.cpp in Sources */,
				8A4080C12150439B00ADBE69 /* AppDelegate.mm in Sources */,
				8A4080C9215045D800ADBE69 /* Renderer.mm in Sources */,
				8A8F08452152DF3E0069CC8B /* imgui_demo.cpp in Sources */,
				8A8F08472152DF3E0069CC8B /* imgui_impl_osx.mm in Sources */,
				8A4080C52150439B00ADBE69 /* main.m in Sources */,
				8A8F08492152DF3E0069CC8B /* imgui.cpp in Sources */,
			);
			runOnlyForDeploymentPostprocessing = 0;
		};
		3A7073071EBD4A67001F05E4 /* Sources */ = {
			isa = PBXSourcesBuildPhase;
			buildActionMask = 2147483647;
			files = (
				8A69726621542F5E00F95620 /* Boid.cpp in Sources */,
				8A8F084C2152DF3E0069CC8B /* imgui_widgets.cpp in Sources */,
				8A8F084E2152DF3E0069CC8B /* imgui_impl_metal.mm in Sources */,
				8A4080C8215045D800ADBE69 /* Renderer.mm in Sources */,
				8A69726B2154319200F95620 /* Swarm.cpp in Sources */,
				8A4080C22150439B00ADBE69 /* RootViewController.mm in Sources */,
				8AAEFB6321519ABF00B63CA8 /* Sprite.mm in Sources */,
				8A8F084A2152DF3E0069CC8B /* imgui_draw.cpp in Sources */,
				8A4080C42150439B00ADBE69 /* main.m in Sources */,
				8A98AF992151ADAF0018E86A /* AppDelegate.mm in Sources */,
				8A8F08442152DF3E0069CC8B /* imgui_demo.cpp in Sources */,
				8A8F08462152DF3E0069CC8B /* imgui_impl_osx.mm in Sources */,
				8AAEFB6721519F8400B63CA8 /* Shaders.metal in Sources */,
				8A8F08482152DF3E0069CC8B /* imgui.cpp in Sources */,
			);
			runOnlyForDeploymentPostprocessing = 0;
		};
/* End PBXSourcesBuildPhase section */

/* Begin XCBuildConfiguration section */
		3A70732C1EBD4A67001F05E4 /* Debug */ = {
			isa = XCBuildConfiguration;
			buildSettings = {
				ALWAYS_SEARCH_USER_PATHS = NO;
				CLANG_ANALYZER_NONNULL = YES;
				CLANG_ANALYZER_NUMBER_OBJECT_CONVERSION = YES_AGGRESSIVE;
				CLANG_CXX_LANGUAGE_STANDARD = "gnu++0x";
				CLANG_CXX_LIBRARY = "libc++";
				CLANG_ENABLE_MODULES = YES;
				CLANG_ENABLE_OBJC_ARC = YES;
				CLANG_WARN_BLOCK_CAPTURE_AUTORELEASING = YES;
				CLANG_WARN_BOOL_CONVERSION = YES;
				CLANG_WARN_COMMA = YES;
				CLANG_WARN_CONSTANT_CONVERSION = YES;
				CLANG_WARN_DEPRECATED_OBJC_IMPLEMENTATIONS = YES;
				CLANG_WARN_DIRECT_OBJC_ISA_USAGE = YES_ERROR;
				CLANG_WARN_DOCUMENTATION_COMMENTS = YES;
				CLANG_WARN_EMPTY_BODY = YES;
				CLANG_WARN_ENUM_CONVERSION = YES;
				CLANG_WARN_INFINITE_RECURSION = YES;
				CLANG_WARN_INT_CONVERSION = YES;
				CLANG_WARN_NON_LITERAL_NULL_CONVERSION = YES;
				CLANG_WARN_OBJC_IMPLICIT_RETAIN_SELF = YES;
				CLANG_WARN_OBJC_LITERAL_CONVERSION = YES;
				CLANG_WARN_OBJC_ROOT_CLASS = YES_ERROR;
				CLANG_WARN_RANGE_LOOP_ANALYSIS = YES;
				CLANG_WARN_STRICT_PROTOTYPES = YES;
				CLANG_WARN_SUSPICIOUS_MOVE = YES;
				CLANG_WARN_UNREACHABLE_CODE = YES;
				CLANG_WARN__DUPLICATE_METHOD_MATCH = YES;
				COPY_PHASE_STRIP = NO;
				DEBUG_INFORMATION_FORMAT = dwarf;
				ENABLE_STRICT_OBJC_MSGSEND = YES;
				ENABLE_TESTABILITY = YES;
				GCC_C_LANGUAGE_STANDARD = gnu99;
				GCC_DYNAMIC_NO_PIC = NO;
				GCC_NO_COMMON_BLOCKS = YES;
				GCC_OPTIMIZATION_LEVEL = 0;
				GCC_PREPROCESSOR_DEFINITIONS = (
					"DEBUG=1",
					"$(inherited)",
				);
				GCC_WARN_64_TO_32_BIT_CONVERSION = YES;
				GCC_WARN_ABOUT_RETURN_TYPE = YES_ERROR;
				GCC_WARN_UNDECLARED_SELECTOR = YES;
				GCC_WARN_UNINITIALIZED_AUTOS = YES_AGGRESSIVE;
				GCC_WARN_UNUSED_FUNCTION = YES;
				GCC_WARN_UNUSED_VARIABLE = YES;
				MTL_ENABLE_DEBUG_INFO = YES;
				ONLY_ACTIVE_ARCH = YES;
			};
			name = Debug;
		};
		3A70732D1EBD4A67001F05E4 /* Release */ = {
			isa = XCBuildConfiguration;
			buildSettings = {
				ALWAYS_SEARCH_USER_PATHS = NO;
				CLANG_ANALYZER_NONNULL = YES;
				CLANG_ANALYZER_NUMBER_OBJECT_CONVERSION = YES_AGGRESSIVE;
				CLANG_CXX_LANGUAGE_STANDARD = "gnu++0x";
				CLANG_CXX_LIBRARY = "libc++";
				CLANG_ENABLE_MODULES = YES;
				CLANG_ENABLE_OBJC_ARC = YES;
				CLANG_WARN_BLOCK_CAPTURE_AUTORELEASING = YES;
				CLANG_WARN_BOOL_CONVERSION = YES;
				CLANG_WARN_COMMA = YES;
				CLANG_WARN_CONSTANT_CONVERSION = YES;
				CLANG_WARN_DEPRECATED_OBJC_IMPLEMENTATIONS = YES;
				CLANG_WARN_DIRECT_OBJC_ISA_USAGE = YES_ERROR;
				CLANG_WARN_DOCUMENTATION_COMMENTS = YES;
				CLANG_WARN_EMPTY_BODY = YES;
				CLANG_WARN_ENUM_CONVERSION = YES;
				CLANG_WARN_INFINITE_RECURSION = YES;
				CLANG_WARN_INT_CONVERSION = YES;
				CLANG_WARN_NON_LITERAL_NULL_CONVERSION = YES;
				CLANG_WARN_OBJC_IMPLICIT_RETAIN_SELF = YES;
				CLANG_WARN_OBJC_LITERAL_CONVERSION = YES;
				CLANG_WARN_OBJC_ROOT_CLASS = YES_ERROR;
				CLANG_WARN_RANGE_LOOP_ANALYSIS = YES;
				CLANG_WARN_STRICT_PROTOTYPES = YES;
				CLANG_WARN_SUSPICIOUS_MOVE = YES;
				CLANG_WARN_UNREACHABLE_CODE = YES;
				CLANG_WARN__DUPLICATE_METHOD_MATCH = YES;
				COPY_PHASE_STRIP = NO;
				DEBUG_INFORMATION_FORMAT = "dwarf-with-dsym";
				ENABLE_NS_ASSERTIONS = NO;
				ENABLE_STRICT_OBJC_MSGSEND = YES;
				GCC_C_LANGUAGE_STANDARD = gnu99;
				GCC_NO_COMMON_BLOCKS = YES;
				GCC_WARN_64_TO_32_BIT_CONVERSION = YES;
				GCC_WARN_ABOUT_RETURN_TYPE = YES_ERROR;
				GCC_WARN_UNDECLARED_SELECTOR = YES;
				GCC_WARN_UNINITIALIZED_AUTOS = YES_AGGRESSIVE;
				GCC_WARN_UNUSED_FUNCTION = YES;
				GCC_WARN_UNUSED_VARIABLE = YES;
				MTL_ENABLE_DEBUG_INFO = NO;
			};
			name = Release;
		};
		3A70732F1EBD4A67001F05E4 /* Debug */ = {
			isa = XCBuildConfiguration;
			buildSettings = {
				CODE_SIGN_IDENTITY = "iPhone Developer";
				DEVELOPMENT_TEAM = 678TP86R4P;
				GCC_PREPROCESSOR_DEFINITIONS = (
					TARGET_IOS,
					"$(inherited)",
				);
				INFOPLIST_FILE = iOS/Info.plist;
				IPHONEOS_DEPLOYMENT_TARGET = 10.3;
				LD_RUNPATH_SEARCH_PATHS = "$(inherited) @executable_path/Frameworks";
				PRODUCT_BUNDLE_IDENTIFIER = "dot.woot.metal-synchro";
				PRODUCT_NAME = "metal-synchro";
				PROVISIONING_PROFILE_SPECIFIER = "";
				SDKROOT = iphoneos;
				TARGETED_DEVICE_FAMILY = "1,2";
			};
			name = Debug;
		};
		3A7073301EBD4A67001F05E4 /* Release */ = {
			isa = XCBuildConfiguration;
			buildSettings = {
				CODE_SIGN_IDENTITY = "iPhone Developer";
				DEVELOPMENT_TEAM = 678TP86R4P;
				GCC_PREPROCESSOR_DEFINITIONS = TARGET_IOS;
				INFOPLIST_FILE = iOS/Info.plist;
				IPHONEOS_DEPLOYMENT_TARGET = 10.3;
				LD_RUNPATH_SEARCH_PATHS = "$(inherited) @executable_path/Frameworks";
				PRODUCT_BUNDLE_IDENTIFIER = "dot.woot.metal-synchro";
				PRODUCT_NAME = "metal-synchro";
				PROVISIONING_PROFILE_SPECIFIER = "";
				SDKROOT = iphoneos;
				TARGETED_DEVICE_FAMILY = "1,2";
				VALIDATE_PRODUCT = YES;
			};
			name = Release;
		};
		3A7073351EBD4A67001F05E4 /* Debug */ = {
			isa = XCBuildConfiguration;
			buildSettings = {
				CODE_SIGN_IDENTITY = "Mac Developer";
				CODE_SIGN_STYLE = Automatic;
				COMBINE_HIDPI_IMAGES = YES;
				DEVELOPMENT_TEAM = 678TP86R4P;
				GCC_PREPROCESSOR_DEFINITIONS = (
					TARGET_MACOS,
					"$(inherited)",
				);
				INFOPLIST_FILE = macOS/Info.plist;
				LD_RUNPATH_SEARCH_PATHS = "$(inherited) @executable_path/../Frameworks";
				MACOSX_DEPLOYMENT_TARGET = 10.12;
				PRODUCT_BUNDLE_IDENTIFIER = "dot.woot.metal-synchro";
				PRODUCT_NAME = "metal-synchro";
				PROVISIONING_PROFILE_SPECIFIER = "";
				SDKROOT = macosx;
			};
			name = Debug;
		};
		3A7073361EBD4A67001F05E4 /* Release */ = {
			isa = XCBuildConfiguration;
			buildSettings = {
				CODE_SIGN_IDENTITY = "Mac Developer";
				CODE_SIGN_STYLE = Automatic;
				COMBINE_HIDPI_IMAGES = YES;
				DEVELOPMENT_TEAM = 678TP86R4P;
				GCC_PREPROCESSOR_DEFINITIONS = TARGET_MACOS;
				INFOPLIST_FILE = macOS/Info.plist;
				LD_RUNPATH_SEARCH_PATHS = "$(inherited) @executable_path/../Frameworks";
				MACOSX_DEPLOYMENT_TARGET = 10.12;
				PRODUCT_BUNDLE_IDENTIFIER = "dot.woot.metal-synchro";
				PRODUCT_NAME = "metal-synchro";
				PROVISIONING_PROFILE_SPECIFIER = "";
				SDKROOT = macosx;
			};
			name = Release;
		};
/* End XCBuildConfiguration section */

/* Begin XCConfigurationList section */
		3A7072CE1EBD4A66001F05E4 /* Build configuration list for PBXProject "metal-synchro" */ = {
			isa = XCConfigurationList;
			buildConfigurations = (
				3A70732C1EBD4A67001F05E4 /* Debug */,
				3A70732D1EBD4A67001F05E4 /* Release */,
			);
			defaultConfigurationIsVisible = 0;
			defaultConfigurationName = Release;
		};
		3A70732E1EBD4A67001F05E4 /* Build configuration list for PBXNativeTarget "metal-synchro-iOS" */ = {
			isa = XCConfigurationList;
			buildConfigurations = (
				3A70732F1EBD4A67001F05E4 /* Debug */,
				3A7073301EBD4A67001F05E4 /* Release */,
			);
			defaultConfigurationIsVisible = 0;
			defaultConfigurationName = Release;
		};
		3A7073341EBD4A67001F05E4 /* Build configuration list for PBXNativeTarget "metal-synchro-macOS" */ = {
			isa = XCConfigurationList;
			buildConfigurations = (
				3A7073351EBD4A67001F05E4 /* Debug */,
				3A7073361EBD4A67001F05E4 /* Release */,
			);
			defaultConfigurationIsVisible = 0;
			defaultConfigurationName = Release;
		};
/* End XCConfigurationList section */
	};
	rootObject = 3A7072CB1EBD4A66001F05E4 /* Project object */;
}
